
Microsoft Visual Studio Solution File, Format Version 12.00
# Visual Studio Version 17
VisualStudioVersion = 17.10.34928.147
MinimumVisualStudioVersion = 10.0.40219.1
Project("{9A19103F-16F7-4668-BE54-9A1E7A4F7556}") = "Signature_Algorithm_Demo", "Signature_Algorithm_Demo\Signature_Algorithm_Demo.csproj", "{07942731-3141-423F-B3CF-4925F37B1C53}"
EndProject
Project("{FAE04EC0-301F-11D3-BF4B-00C04F79EFBC}") = "SignatureVerificationTool", "SignatureVerificationTool\SignatureVerificationTool.csproj", "{DF692820-CD92-4013-B78F-5621FEF7CD6E}"
EndProject
Global
	GlobalSection(SolutionConfigurationPlatforms) = preSolution
		Debug|Any CPU = Debug|Any CPU
		Release|Any CPU = Release|Any CPU
	EndGlobalSection
	GlobalSection(ProjectConfigurationPlatforms) = postSolution
		{07942731-3141-423F-B3CF-4925F37B1C53}.Debug|Any CPU.ActiveCfg = Debug|Any CPU
		{07942731-3141-423F-B3CF-4925F37B1C53}.Debug|Any CPU.Build.0 = Debug|Any CPU
		{07942731-3141-423F-B3CF-4925F37B1C53}.Release|Any CPU.ActiveCfg = Release|Any CPU
		{07942731-3141-423F-B3CF-4925F37B1C53}.Release|Any CPU.Build.0 = Release|Any CPU
		{DF692820-CD92-4013-B78F-5621FEF7CD6E}.Debug|Any CPU.ActiveCfg = Debug|Any CPU
		{DF692820-CD92-4013-B78F-5621FEF7CD6E}.Debug|Any CPU.Build.0 = Debug|Any CPU
		{DF692820-CD92-4013-B78F-5621FEF7CD6E}.Release|Any CPU.ActiveCfg = Release|Any CPU
		{DF692820-CD92-4013-B78F-5621FEF7CD6E}.Release|Any CPU.Build.0 = Release|Any CPU
	EndGlobalSection
	GlobalSection(SolutionProperties) = preSolution
		HideSolutionNode = FALSE
	EndGlobalSection
	GlobalSection(ExtensibilityGlobals) = postSolution
		SolutionGuid = {1B9EF36A-74F7-4B50-82EB-25B4AD191B09}
	EndGlobalSection
EndGlobal
